// !$*UTF8*$!
{
	archiveVersion = 1;
	classes = {
	};
	objectVersion = 50;
	objects = {

/* Begin PBXBuildFile section */
		001992B522D6D5E900D91121 /* AppDelegate.swift in Sources */ = {isa = PBXBuildFile; fileRef = 001992B422D6D5E900D91121 /* AppDelegate.swift */; };
		001992B722D6D5E900D91121 /* ViewController.swift in Sources */ = {isa = PBXBuildFile; fileRef = 001992B622D6D5E900D91121 /* ViewController.swift */; };
		001992BA22D6D5E900D91121 /* Main.storyboard in Resources */ = {isa = PBXBuildFile; fileRef = 001992B822D6D5E900D91121 /* Main.storyboard */; };
		001992BC22D6D5EB00D91121 /* Assets.xcassets in Resources */ = {isa = PBXBuildFile; fileRef = 001992BB22D6D5EB00D91121 /* Assets.xcassets */; };
		001992BF22D6D5EB00D91121 /* LaunchScreen.storyboard in Resources */ = {isa = PBXBuildFile; fileRef = 001992BD22D6D5EB00D91121 /* LaunchScreen.storyboard */; };
		001992C722D6DB4100D91121 /* .gitignore in Resources */ = {isa = PBXBuildFile; fileRef = 001992C622D6DB4100D91121 /* .gitignore */; };
		A2F8BF5A89648B6E970EC8C3 /* Pods_UPK_GE01.framework in Frameworks */ = {isa = PBXBuildFile; fileRef = A7C617972811AC9BA52A2B8F /* Pods_UPK_GE01.framework */; };
/* End PBXBuildFile section */

/* Begin PBXFileReference section */
		001992B122D6D5E900D91121 /* UPK-GE01.app */ = {isa = PBXFileReference; explicitFileType = wrapper.application; includeInIndex = 0; path = "UPK-GE01.app"; sourceTree = BUILT_PRODUCTS_DIR; };
		001992B422D6D5E900D91121 /* AppDelegate.swift */ = {isa = PBXFileReference; lastKnownFileType = sourcecode.swift; path = AppDelegate.swift; sourceTree = "<group>"; };
		001992B622D6D5E900D91121 /* ViewController.swift */ = {isa = PBXFileReference; lastKnownFileType = sourcecode.swift; path = ViewController.swift; sourceTree = "<group>"; };
		001992B922D6D5E900D91121 /* Base */ = {isa = PBXFileReference; lastKnownFileType = file.storyboard; name = Base; path = Base.lproj/Main.storyboard; sourceTree = "<group>"; };
		001992BB22D6D5EB00D91121 /* Assets.xcassets */ = {isa = PBXFileReference; lastKnownFileType = folder.assetcatalog; path = Assets.xcassets; sourceTree = "<group>"; };
		001992BE22D6D5EB00D91121 /* Base */ = {isa = PBXFileReference; lastKnownFileType = file.storyboard; name = Base; path = Base.lproj/LaunchScreen.storyboard; sourceTree = "<group>"; };
		001992C022D6D5EB00D91121 /* Info.plist */ = {isa = PBXFileReference; lastKnownFileType = text.plist.xml; path = Info.plist; sourceTree = "<group>"; };
		001992C622D6DB4100D91121 /* .gitignore */ = {isa = PBXFileReference; lastKnownFileType = text; path = .gitignore; sourceTree = "<group>"; };
		53CACF2880FD828B6B761DE5 /* Pods-UPK-GE01.debug.xcconfig */ = {isa = PBXFileReference; includeInIndex = 1; lastKnownFileType = text.xcconfig; name = "Pods-UPK-GE01.debug.xcconfig"; path = "Pods/Target Support Files/Pods-UPK-GE01/Pods-UPK-GE01.debug.xcconfig"; sourceTree = "<group>"; };
		A7C617972811AC9BA52A2B8F /* Pods_UPK_GE01.framework */ = {isa = PBXFileReference; explicitFileType = wrapper.framework; includeInIndex = 0; path = Pods_UPK_GE01.framework; sourceTree = BUILT_PRODUCTS_DIR; };
		EC85F01ABD59BE3AF7A10C0E /* Pods-UPK-GE01.release.xcconfig */ = {isa = PBXFileReference; includeInIndex = 1; lastKnownFileType = text.xcconfig; name = "Pods-UPK-GE01.release.xcconfig"; path = "Pods/Target Support Files/Pods-UPK-GE01/Pods-UPK-GE01.release.xcconfig"; sourceTree = "<group>"; };
/* End PBXFileReference section */

/* Begin PBXFrameworksBuildPhase section */
		001992AE22D6D5E900D91121 /* Frameworks */ = {
			isa = PBXFrameworksBuildPhase;
			buildActionMask = 2147483647;
			files = (
				A2F8BF5A89648B6E970EC8C3 /* Pods_UPK_GE01.framework in Frameworks */,
			);
			runOnlyForDeploymentPostprocessing = 0;
		};
/* End PBXFrameworksBuildPhase section */

/* Begin PBXGroup section */
		001992A822D6D5E900D91121 = {
			isa = PBXGroup;
			children = (
				001992C622D6DB4100D91121 /* .gitignore */,
				001992B322D6D5E900D91121 /* UPK-GE01 */,
				001992B222D6D5E900D91121 /* Products */,
				740E3A24829742E4E0E1A04C /* Pods */,
				0BA36E226877BC9F268C4D28 /* Frameworks */,
			);
			sourceTree = "<group>";
		};
		001992B222D6D5E900D91121 /* Products */ = {
			isa = PBXGroup;
			children = (
				001992B122D6D5E900D91121 /* UPK-GE01.app */,
			);
			name = Products;
			sourceTree = "<group>";
		};
		001992B322D6D5E900D91121 /* UPK-GE01 */ = {
			isa = PBXGroup;
			children = (
				001992B422D6D5E900D91121 /* AppDelegate.swift */,
				001992B622D6D5E900D91121 /* ViewController.swift */,
				001992B822D6D5E900D91121 /* Main.storyboard */,
				001992BB22D6D5EB00D91121 /* Assets.xcassets */,
				001992BD22D6D5EB00D91121 /* LaunchScreen.storyboard */,
				001992C022D6D5EB00D91121 /* Info.plist */,
			);
			path = "UPK-GE01";
			sourceTree = "<group>";
		};
		0BA36E226877BC9F268C4D28 /* Frameworks */ = {
			isa = PBXGroup;
			children = (
				A7C617972811AC9BA52A2B8F /* Pods_UPK_GE01.framework */,
			);
			name = Frameworks;
			sourceTree = "<group>";
		};
		740E3A24829742E4E0E1A04C /* Pods */ = {
			isa = PBXGroup;
			children = (
				53CACF2880FD828B6B761DE5 /* Pods-UPK-GE01.debug.xcconfig */,
				EC85F01ABD59BE3AF7A10C0E /* Pods-UPK-GE01.release.xcconfig */,
			);
			name = Pods;
			sourceTree = "<group>";
		};
/* End PBXGroup section */

/* Begin PBXNativeTarget section */
		001992B022D6D5E900D91121 /* UPK-GE01 */ = {
			isa = PBXNativeTarget;
			buildConfigurationList = 001992C322D6D5EB00D91121 /* Build configuration list for PBXNativeTarget "UPK-GE01" */;
			buildPhases = (
				8E1528FA6E98CBBBF11BF0B6 /* [CP] Check Pods Manifest.lock */,
				001992AD22D6D5E900D91121 /* Sources */,
				001992AE22D6D5E900D91121 /* Frameworks */,
				001992AF22D6D5E900D91121 /* Resources */,
				94CB47817462D27E08B8E71D /* [CP] Embed Pods Frameworks */,
			);
			buildRules = (
			);
			dependencies = (
			);
			name = "UPK-GE01";
			productName = "UPK-GE01";
			productReference = 001992B122D6D5E900D91121 /* UPK-GE01.app */;
			productType = "com.apple.product-type.application";
		};
/* End PBXNativeTarget section */

/* Begin PBXProject section */
		001992A922D6D5E900D91121 /* Project object */ = {
			isa = PBXProject;
			attributes = {
				LastSwiftUpdateCheck = 1020;
				LastUpgradeCheck = 1020;
				ORGANIZATIONNAME = umehealltd;
				TargetAttributes = {
					001992B022D6D5E900D91121 = {
						CreatedOnToolsVersion = 10.2.1;
					};
				};
			};
			buildConfigurationList = 001992AC22D6D5E900D91121 /* Build configuration list for PBXProject "UPK-GE01" */;
			compatibilityVersion = "Xcode 9.3";
			developmentRegion = en;
			hasScannedForEncodings = 0;
			knownRegions = (
				en,
				Base,
			);
			mainGroup = 001992A822D6D5E900D91121;
			productRefGroup = 001992B222D6D5E900D91121 /* Products */;
			projectDirPath = "";
			projectRoot = "";
			targets = (
				001992B022D6D5E900D91121 /* UPK-GE01 */,
			);
		};
/* End PBXProject section */

/* Begin PBXResourcesBuildPhase section */
		001992AF22D6D5E900D91121 /* Resources */ = {
			isa = PBXResourcesBuildPhase;
			buildActionMask = 2147483647;
			files = (
				001992C722D6DB4100D91121 /* .gitignore in Resources */,
				001992BF22D6D5EB00D91121 /* LaunchScreen.storyboard in Resources */,
				001992BC22D6D5EB00D91121 /* Assets.xcassets in Resources */,
				001992BA22D6D5E900D91121 /* Main.storyboard in Resources */,
			);
			runOnlyForDeploymentPostprocessing = 0;
		};
/* End PBXResourcesBuildPhase section */

/* Begin PBXShellScriptBuildPhase section */
		8E1528FA6E98CBBBF11BF0B6 /* [CP] Check Pods Manifest.lock */ = {
			isa = PBXShellScriptBuildPhase;
			buildActionMask = 2147483647;
			files = (
			);
			inputPaths = (
				"${PODS_PODFILE_DIR_PATH}/Podfile.lock",
				"${PODS_ROOT}/Manifest.lock",
			);
			name = "[CP] Check Pods Manifest.lock";
			outputPaths = (
				"$(DERIVED_FILE_DIR)/Pods-UPK-GE01-checkManifestLockResult.txt",
			);
			runOnlyForDeploymentPostprocessing = 0;
			shellPath = /bin/sh;
			shellScript = "diff \"${PODS_PODFILE_DIR_PATH}/Podfile.lock\" \"${PODS_ROOT}/Manifest.lock\" > /dev/null\nif [ $? != 0 ] ; then\n    # print error to STDERR\n    echo \"error: The sandbox is not in sync with the Podfile.lock. Run 'pod install' or update your CocoaPods installation.\" >&2\n    exit 1\nfi\n# This output is used by Xcode 'outputs' to avoid re-running this script phase.\necho \"SUCCESS\" > \"${SCRIPT_OUTPUT_FILE_0}\"\n";
			showEnvVarsInLog = 0;
		};
		94CB47817462D27E08B8E71D /* [CP] Embed Pods Frameworks */ = {
			isa = PBXShellScriptBuildPhase;
			buildActionMask = 2147483647;
			files = (
			);
			inputPaths = (
				"${SRCROOT}/Pods/Target Support Files/Pods-UPK-GE01/Pods-UPK-GE01-frameworks.sh",
				"${BUILT_PRODUCTS_DIR}/Alamofire/Alamofire.framework",
				"${BUILT_PRODUCTS_DIR}/CocoaLumberjack/CocoaLumberjack.framework",
				"${BUILT_PRODUCTS_DIR}/FBSDKCoreKit/FBSDKCoreKit.framework",
				"${BUILT_PRODUCTS_DIR}/Hero/Hero.framework",
				"${BUILT_PRODUCTS_DIR}/Realm/Realm.framework",
				"${BUILT_PRODUCTS_DIR}/RealmSwift/RealmSwift.framework",
				"${BUILT_PRODUCTS_DIR}/SVGKit/SVGKit.framework",
				"${BUILT_PRODUCTS_DIR}/SwiftyJSON/SwiftyJSON.framework",
			);
			name = "[CP] Embed Pods Frameworks";
			outputPaths = (
				"${TARGET_BUILD_DIR}/${FRAMEWORKS_FOLDER_PATH}/Alamofire.framework",
				"${TARGET_BUILD_DIR}/${FRAMEWORKS_FOLDER_PATH}/CocoaLumberjack.framework",
				"${TARGET_BUILD_DIR}/${FRAMEWORKS_FOLDER_PATH}/FBSDKCoreKit.framework",
				"${TARGET_BUILD_DIR}/${FRAMEWORKS_FOLDER_PATH}/Hero.framework",
				"${TARGET_BUILD_DIR}/${FRAMEWORKS_FOLDER_PATH}/Realm.framework",
				"${TARGET_BUILD_DIR}/${FRAMEWORKS_FOLDER_PATH}/RealmSwift.framework",
				"${TARGET_BUILD_DIR}/${FRAMEWORKS_FOLDER_PATH}/SVGKit.framework",
				"${TARGET_BUILD_DIR}/${FRAMEWORKS_FOLDER_PATH}/SwiftyJSON.framework",
			);
			runOnlyForDeploymentPostprocessing = 0;
			shellPath = /bin/sh;
			shellScript = "\"${SRCROOT}/Pods/Target Support Files/Pods-UPK-GE01/Pods-UPK-GE01-frameworks.sh\"\n";
			showEnvVarsInLog = 0;
		};
/* End PBXShellScriptBuildPhase section */

/* Begin PBXSourcesBuildPhase section */
		001992AD22D6D5E900D91121 /* Sources */ = {
			isa = PBXSourcesBuildPhase;
			buildActionMask = 2147483647;
			files = (
				001992B722D6D5E900D91121 /* ViewController.swift in Sources */,
				001992B522D6D5E900D91121 /* AppDelegate.swift in Sources */,
			);
			runOnlyForDeploymentPostprocessing = 0;
		};
/* End PBXSourcesBuildPhase section */

/* Begin PBXVariantGroup section */
		001992B822D6D5E900D91121 /* Main.storyboard */ = {
			isa = PBXVariantGroup;
			children = (
				001992B922D6D5E900D91121 /* Base */,
			);
			name = Main.storyboard;
			sourceTree = "<group>";
		};
		001992BD22D6D5EB00D91121 /* LaunchScreen.storyboard */ = {
			isa = PBXVariantGroup;
			children = (
				001992BE22D6D5EB00D91121 /* Base */,
			);
			name = LaunchScreen.storyboard;
			sourceTree = "<group>";
		};
/* End PBXVariantGroup section */

/* Begin XCBuildConfiguration section */
		001992C122D6D5EB00D91121 /* Debug */ = {
			isa = XCBuildConfiguration;
			buildSettings = {
				ALWAYS_SEARCH_USER_PATHS = NO;
				CLANG_ANALYZER_NONNULL = YES;
				CLANG_ANALYZER_NUMBER_OBJECT_CONVERSION = YES_AGGRESSIVE;
				CLANG_CXX_LANGUAGE_STANDARD = "gnu++14";
				CLANG_CXX_LIBRARY = "libc++";
				CLANG_ENABLE_MODULES = YES;
				CLANG_ENABLE_OBJC_ARC = YES;
				CLANG_ENABLE_OBJC_WEAK = YES;
				CLANG_WARN_BLOCK_CAPTURE_AUTORELEASING = YES;
				CLANG_WARN_BOOL_CONVERSION = YES;
				CLANG_WARN_COMMA = YES;
				CLANG_WARN_CONSTANT_CONVERSION = YES;
				CLANG_WARN_DEPRECATED_OBJC_IMPLEMENTATIONS = YES;
				CLANG_WARN_DIRECT_OBJC_ISA_USAGE = YES_ERROR;
				CLANG_WARN_DOCUMENTATION_COMMENTS = YES;
				CLANG_WARN_EMPTY_BODY = YES;
				CLANG_WARN_ENUM_CONVERSION = YES;
				CLANG_WARN_INFINITE_RECURSION = YES;
				CLANG_WARN_INT_CONVERSION = YES;
				CLANG_WARN_NON_LITERAL_NULL_CONVERSION = YES;
				CLANG_WARN_OBJC_IMPLICIT_RETAIN_SELF = YES;
				CLANG_WARN_OBJC_LITERAL_CONVERSION = YES;
				CLANG_WARN_OBJC_ROOT_CLASS = YES_ERROR;
				CLANG_WARN_RANGE_LOOP_ANALYSIS = YES;
				CLANG_WARN_STRICT_PROTOTYPES = YES;
				CLANG_WARN_SUSPICIOUS_MOVE = YES;
				CLANG_WARN_UNGUARDED_AVAILABILITY = YES_AGGRESSIVE;
				CLANG_WARN_UNREACHABLE_CODE = YES;
				CLANG_WARN__DUPLICATE_METHOD_MATCH = YES;
				CODE_SIGN_IDENTITY = "iPhone Developer";
				COPY_PHASE_STRIP = NO;
				DEBUG_INFORMATION_FORMAT = dwarf;
				ENABLE_STRICT_OBJC_MSGSEND = YES;
				ENABLE_TESTABILITY = YES;
				GCC_C_LANGUAGE_STANDARD = gnu11;
				GCC_DYNAMIC_NO_PIC = NO;
				GCC_NO_COMMON_BLOCKS = YES;
				GCC_OPTIMIZATION_LEVEL = 0;
				GCC_PREPROCESSOR_DEFINITIONS = (
					"DEBUG=1",
					"$(inherited)",
				);
				GCC_WARN_64_TO_32_BIT_CONVERSION = YES;
				GCC_WARN_ABOUT_RETURN_TYPE = YES_ERROR;
				GCC_WARN_UNDECLARED_SELECTOR = YES;
				GCC_WARN_UNINITIALIZED_AUTOS = YES_AGGRESSIVE;
				GCC_WARN_UNUSED_FUNCTION = YES;
				GCC_WARN_UNUSED_VARIABLE = YES;
				IPHONEOS_DEPLOYMENT_TARGET = 12.2;
				MTL_ENABLE_DEBUG_INFO = INCLUDE_SOURCE;
				MTL_FAST_MATH = YES;
				ONLY_ACTIVE_ARCH = YES;
				SDKROOT = iphoneos;
				SWIFT_ACTIVE_COMPILATION_CONDITIONS = DEBUG;
				SWIFT_OPTIMIZATION_LEVEL = "-Onone";
			};
			name = Debug;
		};
		001992C222D6D5EB00D91121 /* Release */ = {
			isa = XCBuildConfiguration;
			buildSettings = {
				ALWAYS_SEARCH_USER_PATHS = NO;
				CLANG_ANALYZER_NONNULL = YES;
				CLANG_ANALYZER_NUMBER_OBJECT_CONVERSION = YES_AGGRESSIVE;
				CLANG_CXX_LANGUAGE_STANDARD = "gnu++14";
				CLANG_CXX_LIBRARY = "libc++";
				CLANG_ENABLE_MODULES = YES;
				CLANG_ENABLE_OBJC_ARC = YES;
				CLANG_ENABLE_OBJC_WEAK = YES;
				CLANG_WARN_BLOCK_CAPTURE_AUTORELEASING = YES;
				CLANG_WARN_BOOL_CONVERSION = YES;
				CLANG_WARN_COMMA = YES;
				CLANG_WARN_CONSTANT_CONVERSION = YES;
				CLANG_WARN_DEPRECATED_OBJC_IMPLEMENTATIONS = YES;
				CLANG_WARN_DIRECT_OBJC_ISA_USAGE = YES_ERROR;
				CLANG_WARN_DOCUMENTATION_COMMENTS = YES;
				CLANG_WARN_EMPTY_BODY = YES;
				CLANG_WARN_ENUM_CONVERSION = YES;
				CLANG_WARN_INFINITE_RECURSION = YES;
				CLANG_WARN_INT_CONVERSION = YES;
				CLANG_WARN_NON_LITERAL_NULL_CONVERSION = YES;
				CLANG_WARN_OBJC_IMPLICIT_RETAIN_SELF = YES;
				CLANG_WARN_OBJC_LITERAL_CONVERSION = YES;
				CLANG_WARN_OBJC_ROOT_CLASS = YES_ERROR;
				CLANG_WARN_RANGE_LOOP_ANALYSIS = YES;
				CLANG_WARN_STRICT_PROTOTYPES = YES;
				CLANG_WARN_SUSPICIOUS_MOVE = YES;
				CLANG_WARN_UNGUARDED_AVAILABILITY = YES_AGGRESSIVE;
				CLANG_WARN_UNREACHABLE_CODE = YES;
				CLANG_WARN__DUPLICATE_METHOD_MATCH = YES;
				CODE_SIGN_IDENTITY = "iPhone Developer";
				COPY_PHASE_STRIP = NO;
				DEBUG_INFORMATION_FORMAT = "dwarf-with-dsym";
				ENABLE_NS_ASSERTIONS = NO;
				ENABLE_STRICT_OBJC_MSGSEND = YES;
				GCC_C_LANGUAGE_STANDARD = gnu11;
				GCC_NO_COMMON_BLOCKS = YES;
				GCC_WARN_64_TO_32_BIT_CONVERSION = YES;
				GCC_WARN_ABOUT_RETURN_TYPE = YES_ERROR;
				GCC_WARN_UNDECLARED_SELECTOR = YES;
				GCC_WARN_UNINITIALIZED_AUTOS = YES_AGGRESSIVE;
				GCC_WARN_UNUSED_FUNCTION = YES;
				GCC_WARN_UNUSED_VARIABLE = YES;
				IPHONEOS_DEPLOYMENT_TARGET = 12.2;
				MTL_ENABLE_DEBUG_INFO = NO;
				MTL_FAST_MATH = YES;
				SDKROOT = iphoneos;
				SWIFT_COMPILATION_MODE = wholemodule;
				SWIFT_OPTIMIZATION_LEVEL = "-O";
				VALIDATE_PRODUCT = YES;
			};
			name = Release;
		};
		001992C422D6D5EB00D91121 /* Debug */ = {
			isa = XCBuildConfiguration;
			baseConfigurationReference = 53CACF2880FD828B6B761DE5 /* Pods-UPK-GE01.debug.xcconfig */;
			buildSettings = {
				ASSETCATALOG_COMPILER_APPICON_NAME = AppIcon;
				CODE_SIGN_STYLE = Automatic;
				DEVELOPMENT_TEAM = VZ2245V538;
				INFOPLIST_FILE = "UPK-GE01/Info.plist";
				LD_RUNPATH_SEARCH_PATHS = (
					"$(inherited)",
					"@executable_path/Frameworks",
				);
				PRODUCT_BUNDLE_IDENTIFIER = "com.umehealltd.UPK-GE01";
				PRODUCT_NAME = "$(TARGET_NAME)";
				SWIFT_VERSION = 5.0;
				TARGETED_DEVICE_FAMILY = "1,2";
			};
			name = Debug;
		};
		001992C522D6D5EB00D91121 /* Release */ = {
			isa = XCBuildConfiguration;
			baseConfigurationReference = EC85F01ABD59BE3AF7A10C0E /* Pods-UPK-GE01.release.xcconfig */;
			buildSettings = {
				ASSETCATALOG_COMPILER_APPICON_NAME = AppIcon;
				CODE_SIGN_STYLE = Automatic;
				DEVELOPMENT_TEAM = VZ2245V538;
				INFOPLIST_FILE = "UPK-GE01/Info.plist";
				LD_RUNPATH_SEARCH_PATHS = (
					"$(inherited)",
					"@executable_path/Frameworks",
				);
				PRODUCT_BUNDLE_IDENTIFIER = "com.umehealltd.UPK-GE01";
				PRODUCT_NAME = "$(TARGET_NAME)";
				SWIFT_VERSION = 5.0;
				TARGETED_DEVICE_FAMILY = "1,2";
			};
			name = Release;
		};
/* End XCBuildConfiguration section */

/* Begin XCConfigurationList section */
		001992AC22D6D5E900D91121 /* Build configuration list for PBXProject "UPK-GE01" */ = {
			isa = XCConfigurationList;
			buildConfigurations = (
				001992C122D6D5EB00D91121 /* Debug */,
				001992C222D6D5EB00D91121 /* Release */,
			);
			defaultConfigurationIsVisible = 0;
			defaultConfigurationName = Release;
		};
		001992C322D6D5EB00D91121 /* Build configuration list for PBXNativeTarget "UPK-GE01" */ = {
			isa = XCConfigurationList;
			buildConfigurations = (
				001992C422D6D5EB00D91121 /* Debug */,
				001992C522D6D5EB00D91121 /* Release */,
			);
			defaultConfigurationIsVisible = 0;
			defaultConfigurationName = Release;
		};
/* End XCConfigurationList section */
	};
	rootObject = 001992A922D6D5E900D91121 /* Project object */;
}
